
Microsoft Visual Studio Solution File, Format Version 12.00
# Visual Studio Version 16
VisualStudioVersion = 16.0.34301.259
MinimumVisualStudioVersion = 10.0.40219.1
Project("{FAE04EC0-301F-11D3-BF4B-00C04F79EFBC}") = "Presentation", "Presentation\Presentation.csproj", "{BDF55692-33E0-4F77-8641-6350D0E6E5F4}"
EndProject
Project("{FAE04EC0-301F-11D3-BF4B-00C04F79EFBC}") = "Domain", "Domain\Domain.csproj", "{974F3D2D-0B91-4E11-AD26-A288979280B1}"
EndProject
Project("{FAE04EC0-301F-11D3-BF4B-00C04F79EFBC}") = "DataAccess", "DataAccess\DataAccess.csproj", "{82221FD9-C62E-4BA2-97F2-7EABE14EE949}"
EndProject
Global
	GlobalSection(SolutionConfigurationPlatforms) = preSolution
		Debug|Any CPU = Debug|Any CPU
		Release|Any CPU = Release|Any CPU
	EndGlobalSection
	GlobalSection(ProjectConfigurationPlatforms) = postSolution
		{BDF55692-33E0-4F77-8641-6350D0E6E5F4}.Debug|Any CPU.ActiveCfg = Debug|Any CPU
		{BDF55692-33E0-4F77-8641-6350D0E6E5F4}.Debug|Any CPU.Build.0 = Debug|Any CPU
		{BDF55692-33E0-4F77-8641-6350D0E6E5F4}.Release|Any CPU.ActiveCfg = Release|Any CPU
		{BDF55692-33E0-4F77-8641-6350D0E6E5F4}.Release|Any CPU.Build.0 = Release|Any CPU
		{974F3D2D-0B91-4E11-AD26-A288979280B1}.Debug|Any CPU.ActiveCfg = Debug|Any CPU
		{974F3D2D-0B91-4E11-AD26-A288979280B1}.Debug|Any CPU.Build.0 = Debug|Any CPU
		{974F3D2D-0B91-4E11-AD26-A288979280B1}.Release|Any CPU.ActiveCfg = Release|Any CPU
		{974F3D2D-0B91-4E11-AD26-A288979280B1}.Release|Any CPU.Build.0 = Release|Any CPU
		{82221FD9-C62E-4BA2-97F2-7EABE14EE949}.Debug|Any CPU.ActiveCfg = Debug|Any CPU
		{82221FD9-C62E-4BA2-97F2-7EABE14EE949}.Debug|Any CPU.Build.0 = Debug|Any CPU
		{82221FD9-C62E-4BA2-97F2-7EABE14EE949}.Release|Any CPU.ActiveCfg = Release|Any CPU
		{82221FD9-C62E-4BA2-97F2-7EABE14EE949}.Release|Any CPU.Build.0 = Release|Any CPU
	EndGlobalSection
	GlobalSection(SolutionProperties) = preSolution
		HideSolutionNode = FALSE
	EndGlobalSection
	GlobalSection(ExtensibilityGlobals) = postSolution
		SolutionGuid = {38FAC543-5567-4ED3-BB64-FD5ADD4ACBF8}
	EndGlobalSection
EndGlobal
